
Microsoft Visual Studio Solution File, Format Version 11.00
# Visual Studio 2010
Project("{FAE04EC0-301F-11D3-BF4B-00C04F79EFBC}") = "MetaphonePort", "MetaphonePort\MetaphonePort.csproj", "{4D242604-5B33-4241-96B5-3F31FE025EEE}"
EndProject
Global
	GlobalSection(SolutionConfigurationPlatforms) = preSolution
		Debug|x86 = Debug|x86
		Release|x86 = Release|x86
	EndGlobalSection
	GlobalSection(ProjectConfigurationPlatforms) = postSolution
		{4D242604-5B33-4241-96B5-3F31FE025EEE}.Debug|x86.ActiveCfg = Debug|x86
		{4D242604-5B33-4241-96B5-3F31FE025EEE}.Debug|x86.Build.0 = Debug|x86
		{4D242604-5B33-4241-96B5-3F31FE025EEE}.Release|x86.ActiveCfg = Release|x86
		{4D242604-5B33-4241-96B5-3F31FE025EEE}.Release|x86.Build.0 = Release|x86
	EndGlobalSection
	GlobalSection(SolutionProperties) = preSolution
		HideSolutionNode = FALSE
	EndGlobalSection
EndGlobal
